// !$*UTF8*$!
{
	archiveVersion = 1;
	classes = {
	};
	objectVersion = 46;
	objects = {

/* Begin PBXBuildFile section */
		9B521A8A1E7C343900B0096C /* main.m in Sources */ = {isa = PBXBuildFile; fileRef = 9B521A891E7C343900B0096C /* main.m */; };
		9B521A8D1E7C343900B0096C /* AppDelegate.m in Sources */ = {isa = PBXBuildFile; fileRef = 9B521A8C1E7C343900B0096C /* AppDelegate.m */; };
		9B521A901E7C343900B0096C /* ViewController.m in Sources */ = {isa = PBXBuildFile; fileRef = 9B521A8F1E7C343900B0096C /* ViewController.m */; };
		9B521A931E7C343900B0096C /* Main.storyboard in Resources */ = {isa = PBXBuildFile; fileRef = 9B521A911E7C343900B0096C /* Main.storyboard */; };
		9B521A951E7C343900B0096C /* Assets.xcassets in Resources */ = {isa = PBXBuildFile; fileRef = 9B521A941E7C343900B0096C /* Assets.xcassets */; };
		9B521A981E7C343900B0096C /* LaunchScreen.storyboard in Resources */ = {isa = PBXBuildFile; fileRef = 9B521A961E7C343900B0096C /* LaunchScreen.storyboard */; };
		9B521AA11E7C356100B0096C /* Model.m in Sources */ = {isa = PBXBuildFile; fileRef = 9B521AA01E7C356100B0096C /* Model.m */; };
		9B521AA41E7C4A1E00B0096C /* DetailViewController.m in Sources */ = {isa = PBXBuildFile; fileRef = 9B521AA31E7C4A1E00B0096C /* DetailViewController.m */; };
/* End PBXBuildFile section */

/* Begin PBXFileReference section */
		9B521A851E7C343900B0096C /* TipCalculator.app */ = {isa = PBXFileReference; explicitFileType = wrapper.application; includeInIndex = 0; path = TipCalculator.app; sourceTree = BUILT_PRODUCTS_DIR; };
		9B521A891E7C343900B0096C /* main.m */ = {isa = PBXFileReference; lastKnownFileType = sourcecode.c.objc; path = main.m; sourceTree = "<group>"; };
		9B521A8B1E7C343900B0096C /* AppDelegate.h */ = {isa = PBXFileReference; lastKnownFileType = sourcecode.c.h; path = AppDelegate.h; sourceTree = "<group>"; };
		9B521A8C1E7C343900B0096C /* AppDelegate.m */ = {isa = PBXFileReference; lastKnownFileType = sourcecode.c.objc; path = AppDelegate.m; sourceTree = "<group>"; };
		9B521A8E1E7C343900B0096C /* ViewController.h */ = {isa = PBXFileReference; lastKnownFileType = sourcecode.c.h; path = ViewController.h; sourceTree = "<group>"; };
		9B521A8F1E7C343900B0096C /* ViewController.m */ = {isa = PBXFileReference; lastKnownFileType = sourcecode.c.objc; path = ViewController.m; sourceTree = "<group>"; };
		9B521A921E7C343900B0096C /* Base */ = {isa = PBXFileReference; lastKnownFileType = file.storyboard; name = Base; path = Base.lproj/Main.storyboard; sourceTree = "<group>"; };
		9B521A941E7C343900B0096C /* Assets.xcassets */ = {isa = PBXFileReference; lastKnownFileType = folder.assetcatalog; path = Assets.xcassets; sourceTree = "<group>"; };
		9B521A971E7C343900B0096C /* Base */ = {isa = PBXFileReference; lastKnownFileType = file.storyboard; name = Base; path = Base.lproj/LaunchScreen.storyboard; sourceTree = "<group>"; };
		9B521A991E7C343900B0096C /* Info.plist */ = {isa = PBXFileReference; lastKnownFileType = text.plist.xml; path = Info.plist; sourceTree = "<group>"; };
		9B521A9F1E7C356100B0096C /* Model.h */ = {isa = PBXFileReference; fileEncoding = 4; lastKnownFileType = sourcecode.c.h; path = Model.h; sourceTree = "<group>"; };
		9B521AA01E7C356100B0096C /* Model.m */ = {isa = PBXFileReference; fileEncoding = 4; lastKnownFileType = sourcecode.c.objc; path = Model.m; sourceTree = "<group>"; };
		9B521AA21E7C4A1E00B0096C /* DetailViewController.h */ = {isa = PBXFileReference; fileEncoding = 4; lastKnownFileType = sourcecode.c.h; path = DetailViewController.h; sourceTree = "<group>"; };
		9B521AA31E7C4A1E00B0096C /* DetailViewController.m */ = {isa = PBXFileReference; fileEncoding = 4; lastKnownFileType = sourcecode.c.objc; path = DetailViewController.m; sourceTree = "<group>"; };
/* End PBXFileReference section */

/* Begin PBXFrameworksBuildPhase section */
		9B521A821E7C343900B0096C /* Frameworks */ = {
			isa = PBXFrameworksBuildPhase;
			buildActionMask = 2147483647;
			files = (
			);
			runOnlyForDeploymentPostprocessing = 0;
		};
/* End PBXFrameworksBuildPhase section */

/* Begin PBXGroup section */
		9B521A7C1E7C343800B0096C = {
			isa = PBXGroup;
			children = (
				9B521A871E7C343900B0096C /* TipCalculator */,
				9B521A861E7C343900B0096C /* Products */,
			);
			sourceTree = "<group>";
		};
		9B521A861E7C343900B0096C /* Products */ = {
			isa = PBXGroup;
			children = (
				9B521A851E7C343900B0096C /* TipCalculator.app */,
			);
			name = Products;
			sourceTree = "<group>";
		};
		9B521A871E7C343900B0096C /* TipCalculator */ = {
			isa = PBXGroup;
			children = (
				9B521A8B1E7C343900B0096C /* AppDelegate.h */,
				9B521A8C1E7C343900B0096C /* AppDelegate.m */,
				9B521A8E1E7C343900B0096C /* ViewController.h */,
				9B521A8F1E7C343900B0096C /* ViewController.m */,
				9B521AA21E7C4A1E00B0096C /* DetailViewController.h */,
				9B521AA31E7C4A1E00B0096C /* DetailViewController.m */,
				9B521A911E7C343900B0096C /* Main.storyboard */,
				9B521A9F1E7C356100B0096C /* Model.h */,
				9B521AA01E7C356100B0096C /* Model.m */,
				9B521A941E7C343900B0096C /* Assets.xcassets */,
				9B521A961E7C343900B0096C /* LaunchScreen.storyboard */,
				9B521A991E7C343900B0096C /* Info.plist */,
				9B521A881E7C343900B0096C /* Supporting Files */,
			);
			path = TipCalculator;
			sourceTree = "<group>";
		};
		9B521A881E7C343900B0096C /* Supporting Files */ = {
			isa = PBXGroup;
			children = (
				9B521A891E7C343900B0096C /* main.m */,
			);
			name = "Supporting Files";
			sourceTree = "<group>";
		};
/* End PBXGroup section */

/* Begin PBXNativeTarget section */
		9B521A841E7C343900B0096C /* TipCalculator */ = {
			isa = PBXNativeTarget;
			buildConfigurationList = 9B521A9C1E7C343900B0096C /* Build configuration list for PBXNativeTarget "TipCalculator" */;
			buildPhases = (
				9B521A811E7C343900B0096C /* Sources */,
				9B521A821E7C343900B0096C /* Frameworks */,
				9B521A831E7C343900B0096C /* Resources */,
			);
			buildRules = (
			);
			dependencies = (
			);
			name = TipCalculator;
			productName = TipCalculator;
			productReference = 9B521A851E7C343900B0096C /* TipCalculator.app */;
			productType = "com.apple.product-type.application";
		};
/* End PBXNativeTarget section */

/* Begin PBXProject section */
		9B521A7D1E7C343900B0096C /* Project object */ = {
			isa = PBXProject;
			attributes = {
				LastUpgradeCheck = 0820;
				ORGANIZATIONNAME = "Ben Weinberg";
				TargetAttributes = {
					9B521A841E7C343900B0096C = {
						CreatedOnToolsVersion = 8.2.1;
						ProvisioningStyle = Automatic;
					};
				};
			};
			buildConfigurationList = 9B521A801E7C343900B0096C /* Build configuration list for PBXProject "TipCalculator" */;
			compatibilityVersion = "Xcode 3.2";
			developmentRegion = English;
			hasScannedForEncodings = 0;
			knownRegions = (
				en,
				Base,
			);
			mainGroup = 9B521A7C1E7C343800B0096C;
			productRefGroup = 9B521A861E7C343900B0096C /* Products */;
			projectDirPath = "";
			projectRoot = "";
			targets = (
				9B521A841E7C343900B0096C /* TipCalculator */,
			);
		};
/* End PBXProject section */

/* Begin PBXResourcesBuildPhase section */
		9B521A831E7C343900B0096C /* Resources */ = {
			isa = PBXResourcesBuildPhase;
			buildActionMask = 2147483647;
			files = (
				9B521A981E7C343900B0096C /* LaunchScreen.storyboard in Resources */,
				9B521A951E7C343900B0096C /* Assets.xcassets in Resources */,
				9B521A931E7C343900B0096C /* Main.storyboard in Resources */,
			);
			runOnlyForDeploymentPostprocessing = 0;
		};
/* End PBXResourcesBuildPhase section */

/* Begin PBXSourcesBuildPhase section */
		9B521A811E7C343900B0096C /* Sources */ = {
			isa = PBXSourcesBuildPhase;
			buildActionMask = 2147483647;
			files = (
				9B521AA41E7C4A1E00B0096C /* DetailViewController.m in Sources */,
				9B521A901E7C343900B0096C /* ViewController.m in Sources */,
				9B521A8D1E7C343900B0096C /* AppDelegate.m in Sources */,
				9B521A8A1E7C343900B0096C /* main.m in Sources */,
				9B521AA11E7C356100B0096C /* Model.m in Sources */,
			);
			runOnlyForDeploymentPostprocessing = 0;
		};
/* End PBXSourcesBuildPhase section */

/* Begin PBXVariantGroup section */
		9B521A911E7C343900B0096C /* Main.storyboard */ = {
			isa = PBXVariantGroup;
			children = (
				9B521A921E7C343900B0096C /* Base */,
			);
			name = Main.storyboard;
			sourceTree = "<group>";
		};
		9B521A961E7C343900B0096C /* LaunchScreen.storyboard */ = {
			isa = PBXVariantGroup;
			children = (
				9B521A971E7C343900B0096C /* Base */,
			);
			name = LaunchScreen.storyboard;
			sourceTree = "<group>";
		};
/* End PBXVariantGroup section */

/* Begin XCBuildConfiguration section */
		9B521A9A1E7C343900B0096C /* Debug */ = {
			isa = XCBuildConfiguration;
			buildSettings = {
				ALWAYS_SEARCH_USER_PATHS = NO;
				CLANG_ANALYZER_NONNULL = YES;
				CLANG_CXX_LANGUAGE_STANDARD = "gnu++0x";
				CLANG_CXX_LIBRARY = "libc++";
				CLANG_ENABLE_MODULES = YES;
				CLANG_ENABLE_OBJC_ARC = YES;
				CLANG_WARN_BOOL_CONVERSION = YES;
				CLANG_WARN_CONSTANT_CONVERSION = YES;
				CLANG_WARN_DIRECT_OBJC_ISA_USAGE = YES_ERROR;
				CLANG_WARN_DOCUMENTATION_COMMENTS = YES;
				CLANG_WARN_EMPTY_BODY = YES;
				CLANG_WARN_ENUM_CONVERSION = YES;
				CLANG_WARN_INFINITE_RECURSION = YES;
				CLANG_WARN_INT_CONVERSION = YES;
				CLANG_WARN_OBJC_ROOT_CLASS = YES_ERROR;
				CLANG_WARN_SUSPICIOUS_MOVE = YES;
				CLANG_WARN_UNREACHABLE_CODE = YES;
				CLANG_WARN__DUPLICATE_METHOD_MATCH = YES;
				"CODE_SIGN_IDENTITY[sdk=iphoneos*]" = "iPhone Developer";
				COPY_PHASE_STRIP = NO;
				DEBUG_INFORMATION_FORMAT = dwarf;
				ENABLE_STRICT_OBJC_MSGSEND = YES;
				ENABLE_TESTABILITY = YES;
				GCC_C_LANGUAGE_STANDARD = gnu99;
				GCC_DYNAMIC_NO_PIC = NO;
				GCC_NO_COMMON_BLOCKS = YES;
				GCC_OPTIMIZATION_LEVEL = 0;
				GCC_PREPROCESSOR_DEFINITIONS = (
					"DEBUG=1",
					"$(inherited)",
				);
				GCC_WARN_64_TO_32_BIT_CONVERSION = YES;
				GCC_WARN_ABOUT_RETURN_TYPE = YES_ERROR;
				GCC_WARN_UNDECLARED_SELECTOR = YES;
				GCC_WARN_UNINITIALIZED_AUTOS = YES_AGGRESSIVE;
				GCC_WARN_UNUSED_FUNCTION = YES;
				GCC_WARN_UNUSED_VARIABLE = YES;
				IPHONEOS_DEPLOYMENT_TARGET = 10.2;
				MTL_ENABLE_DEBUG_INFO = YES;
				ONLY_ACTIVE_ARCH = YES;
				SDKROOT = iphoneos;
			};
			name = Debug;
		};
		9B521A9B1E7C343900B0096C /* Release */ = {
			isa = XCBuildConfiguration;
			buildSettings = {
				ALWAYS_SEARCH_USER_PATHS = NO;
				CLANG_ANALYZER_NONNULL = YES;
				CLANG_CXX_LANGUAGE_STANDARD = "gnu++0x";
				CLANG_CXX_LIBRARY = "libc++";
				CLANG_ENABLE_MODULES = YES;
				CLANG_ENABLE_OBJC_ARC = YES;
				CLANG_WARN_BOOL_CONVERSION = YES;
				CLANG_WARN_CONSTANT_CONVERSION = YES;
				CLANG_WARN_DIRECT_OBJC_ISA_USAGE = YES_ERROR;
				CLANG_WARN_DOCUMENTATION_COMMENTS = YES;
				CLANG_WARN_EMPTY_BODY = YES;
				CLANG_WARN_ENUM_CONVERSION = YES;
				CLANG_WARN_INFINITE_RECURSION = YES;
				CLANG_WARN_INT_CONVERSION = YES;
				CLANG_WARN_OBJC_ROOT_CLASS = YES_ERROR;
				CLANG_WARN_SUSPICIOUS_MOVE = YES;
				CLANG_WARN_UNREACHABLE_CODE = YES;
				CLANG_WARN__DUPLICATE_METHOD_MATCH = YES;
				"CODE_SIGN_IDENTITY[sdk=iphoneos*]" = "iPhone Developer";
				COPY_PHASE_STRIP = NO;
				DEBUG_INFORMATION_FORMAT = "dwarf-with-dsym";
				ENABLE_NS_ASSERTIONS = NO;
				ENABLE_STRICT_OBJC_MSGSEND = YES;
				GCC_C_LANGUAGE_STANDARD = gnu99;
				GCC_NO_COMMON_BLOCKS = YES;
				GCC_WARN_64_TO_32_BIT_CONVERSION = YES;
				GCC_WARN_ABOUT_RETURN_TYPE = YES_ERROR;
				GCC_WARN_UNDECLARED_SELECTOR = YES;
				GCC_WARN_UNINITIALIZED_AUTOS = YES_AGGRESSIVE;
				GCC_WARN_UNUSED_FUNCTION = YES;
				GCC_WARN_UNUSED_VARIABLE = YES;
				IPHONEOS_DEPLOYMENT_TARGET = 10.2;
				MTL_ENABLE_DEBUG_INFO = NO;
				SDKROOT = iphoneos;
				VALIDATE_PRODUCT = YES;
			};
			name = Release;
		};
		9B521A9D1E7C343900B0096C /* Debug */ = {
			isa = XCBuildConfiguration;
			buildSettings = {
				ASSETCATALOG_COMPILER_APPICON_NAME = AppIcon;
				INFOPLIST_FILE = TipCalculator/Info.plist;
				LD_RUNPATH_SEARCH_PATHS = "$(inherited) @executable_path/Frameworks";
				PRODUCT_BUNDLE_IDENTIFIER = Ben.TipCalculator;
				PRODUCT_NAME = "$(TARGET_NAME)";
			};
			name = Debug;
		};
		9B521A9E1E7C343900B0096C /* Release */ = {
			isa = XCBuildConfiguration;
			buildSettings = {
				ASSETCATALOG_COMPILER_APPICON_NAME = AppIcon;
				INFOPLIST_FILE = TipCalculator/Info.plist;
				LD_RUNPATH_SEARCH_PATHS = "$(inherited) @executable_path/Frameworks";
				PRODUCT_BUNDLE_IDENTIFIER = Ben.TipCalculator;
				PRODUCT_NAME = "$(TARGET_NAME)";
			};
			name = Release;
		};
/* End XCBuildConfiguration section */

/* Begin XCConfigurationList section */
		9B521A801E7C343900B0096C /* Build configuration list for PBXProject "TipCalculator" */ = {
			isa = XCConfigurationList;
			buildConfigurations = (
				9B521A9A1E7C343900B0096C /* Debug */,
				9B521A9B1E7C343900B0096C /* Release */,
			);
			defaultConfigurationIsVisible = 0;
			defaultConfigurationName = Release;
		};
		9B521A9C1E7C343900B0096C /* Build configuration list for PBXNativeTarget "TipCalculator" */ = {
			isa = XCConfigurationList;
			buildConfigurations = (
				9B521A9D1E7C343900B0096C /* Debug */,
				9B521A9E1E7C343900B0096C /* Release */,
			);
			defaultConfigurationIsVisible = 0;
		};
/* End XCConfigurationList section */
	};
	rootObject = 9B521A7D1E7C343900B0096C /* Project object */;
}
